
Microsoft Visual Studio Solution File, Format Version 12.00
# Visual Studio 2013
VisualStudioVersion = 12.0.21005.1
MinimumVisualStudioVersion = 10.0.40219.1
Project("{8BC9CEB8-8B4A-11D0-8D11-00A0C91BC942}") = "MarkdownEditor", "MarkdownEditor\MarkdownEditor.vcxproj", "{E647AA5A-571D-4C51-9211-7D9A0CBEB5E7}"
EndProject
Project("{2150E333-8FDC-42A3-9474-1A3956D46DE8}") = "cptf", "cptf", "{29201017-38ED-4D10-B711-78A402C12423}"
EndProject
Project("{2150E333-8FDC-42A3-9474-1A3956D46DE8}") = "utils", "utils", "{2BD411F7-4B58-4CB3-B4D9-B9A33A2DCD81}"
	ProjectSection(SolutionItems) = preProject
		cptf\utils\MetaObject.h = cptf\utils\MetaObject.h
	EndProjectSection
EndProject
Project("{2150E333-8FDC-42A3-9474-1A3956D46DE8}") = "unit", "unit", "{216306D9-0988-4332-820D-D5C009C9C909}"
EndProject
Project("{2150E333-8FDC-42A3-9474-1A3956D46DE8}") = "workbench", "workbench", "{52600622-CBC0-48DF-B9F2-C4B88871790B}"
EndProject
Project("{8BC9CEB8-8B4A-11D0-8D11-00A0C91BC942}") = "core_test", "unit\core_test\core_test.vcxproj", "{154300FF-B612-4A8D-B658-AD75E2FC6F5D}"
EndProject
Project("{2150E333-8FDC-42A3-9474-1A3956D46DE8}") = "core", "core", "{069E29D8-0F25-4A95-A204-569863283C29}"
	ProjectSection(SolutionItems) = preProject
		cptf\core\StdLibInclude.h = cptf\core\StdLibInclude.h
	EndProjectSection
EndProject
Project("{2150E333-8FDC-42A3-9474-1A3956D46DE8}") = "libs", "libs", "{B30ED6F5-1619-499D-AAFB-0A990D040AA1}"
EndProject
Project("{2150E333-8FDC-42A3-9474-1A3956D46DE8}") = "rapidxml", "rapidxml", "{7415C1A6-CD50-4F88-85C4-ACECA4CD5031}"
	ProjectSection(SolutionItems) = preProject
		libs\rapidxml\rapidxml.h = libs\rapidxml\rapidxml.h
		libs\rapidxml\rapidxml_iterators.h = libs\rapidxml\rapidxml_iterators.h
		libs\rapidxml\rapidxml_print.h = libs\rapidxml\rapidxml_print.h
		libs\rapidxml\rapidxml_utils.h = libs\rapidxml\rapidxml_utils.h
	EndProjectSection
EndProject
Project("{8BC9CEB8-8B4A-11D0-8D11-00A0C91BC942}") = "libs_test", "unit\libs_test\libs_test.vcxproj", "{C8C1CE71-21B2-4F96-9652-8672069BB7F6}"
EndProject
Global
	GlobalSection(SolutionConfigurationPlatforms) = preSolution
		Debug|Win32 = Debug|Win32
		Release|Win32 = Release|Win32
	EndGlobalSection
	GlobalSection(ProjectConfigurationPlatforms) = postSolution
		{E647AA5A-571D-4C51-9211-7D9A0CBEB5E7}.Debug|Win32.ActiveCfg = Debug|Win32
		{E647AA5A-571D-4C51-9211-7D9A0CBEB5E7}.Debug|Win32.Build.0 = Debug|Win32
		{E647AA5A-571D-4C51-9211-7D9A0CBEB5E7}.Release|Win32.ActiveCfg = Release|Win32
		{E647AA5A-571D-4C51-9211-7D9A0CBEB5E7}.Release|Win32.Build.0 = Release|Win32
		{154300FF-B612-4A8D-B658-AD75E2FC6F5D}.Debug|Win32.ActiveCfg = Debug|Win32
		{154300FF-B612-4A8D-B658-AD75E2FC6F5D}.Debug|Win32.Build.0 = Debug|Win32
		{154300FF-B612-4A8D-B658-AD75E2FC6F5D}.Release|Win32.ActiveCfg = Release|Win32
		{154300FF-B612-4A8D-B658-AD75E2FC6F5D}.Release|Win32.Build.0 = Release|Win32
		{C8C1CE71-21B2-4F96-9652-8672069BB7F6}.Debug|Win32.ActiveCfg = Debug|Win32
		{C8C1CE71-21B2-4F96-9652-8672069BB7F6}.Debug|Win32.Build.0 = Debug|Win32
		{C8C1CE71-21B2-4F96-9652-8672069BB7F6}.Release|Win32.ActiveCfg = Release|Win32
		{C8C1CE71-21B2-4F96-9652-8672069BB7F6}.Release|Win32.Build.0 = Release|Win32
	EndGlobalSection
	GlobalSection(SolutionProperties) = preSolution
		HideSolutionNode = FALSE
	EndGlobalSection
	GlobalSection(NestedProjects) = preSolution
		{2BD411F7-4B58-4CB3-B4D9-B9A33A2DCD81} = {29201017-38ED-4D10-B711-78A402C12423}
		{069E29D8-0F25-4A95-A204-569863283C29} = {29201017-38ED-4D10-B711-78A402C12423}
		{154300FF-B612-4A8D-B658-AD75E2FC6F5D} = {216306D9-0988-4332-820D-D5C009C9C909}
		{C8C1CE71-21B2-4F96-9652-8672069BB7F6} = {216306D9-0988-4332-820D-D5C009C9C909}
		{7415C1A6-CD50-4F88-85C4-ACECA4CD5031} = {B30ED6F5-1619-499D-AAFB-0A990D040AA1}
	EndGlobalSection
EndGlobal
